
Microsoft Visual Studio Solution File, Format Version 12.00
# Visual Studio Version 17
VisualStudioVersion = 17.5.002.0
MinimumVisualStudioVersion = 10.0.40219.1
Project("{9A19103F-16F7-4668-BE54-9A1E7A4F7556}") = "OcelotGateway", "OcelotGateway\OcelotGateway.csproj", "{D9B01DE6-B99F-42BC-9CD0-FF7A2D08D8BA}"
EndProject
Global
	GlobalSection(SolutionConfigurationPlatforms) = preSolution
		Debug|Any CPU = Debug|Any CPU
		Release|Any CPU = Release|Any CPU
	EndGlobalSection
	GlobalSection(ProjectConfigurationPlatforms) = postSolution
		{D9B01DE6-B99F-42BC-9CD0-FF7A2D08D8BA}.Debug|Any CPU.ActiveCfg = Debug|Any CPU
		{D9B01DE6-B99F-42BC-9CD0-FF7A2D08D8BA}.Debug|Any CPU.Build.0 = Debug|Any CPU
		{D9B01DE6-B99F-42BC-9CD0-FF7A2D08D8BA}.Release|Any CPU.ActiveCfg = Release|Any CPU
		{D9B01DE6-B99F-42BC-9CD0-FF7A2D08D8BA}.Release|Any CPU.Build.0 = Release|Any CPU
	EndGlobalSection
	GlobalSection(SolutionProperties) = preSolution
		HideSolutionNode = FALSE
	EndGlobalSection
	GlobalSection(ExtensibilityGlobals) = postSolution
		SolutionGuid = {B4CB223B-9EFF-42B9-8D4A-FD98F1B8005E}
	EndGlobalSection
EndGlobal
